
Microsoft Visual Studio Solution File, Format Version 12.00
# Visual Studio 15
VisualStudioVersion = 15.0.28010.2036
MinimumVisualStudioVersion = 10.0.40219.1
Project("{FAE04EC0-301F-11D3-BF4B-00C04F79EFBC}") = "exp11", "exp11\exp11.csproj", "{2958FBFB-8EDD-4BBA-AC94-736A972A5E37}"
EndProject
Project("{FAE04EC0-301F-11D3-BF4B-00C04F79EFBC}") = "TestDll", "TestDll\TestDll.csproj", "{829BE8BD-9F6F-43B8-BB9B-4EC8075EC664}"
EndProject
Project("{FAE04EC0-301F-11D3-BF4B-00C04F79EFBC}") = "MyCalc", "MyCalc\MyCalc.csproj", "{0C58D456-C406-4DF3-86DD-4E97FC586D81}"
EndProject
Project("{FAE04EC0-301F-11D3-BF4B-00C04F79EFBC}") = "save", "save\save.csproj", "{00E0897F-4EC8-4C9A-9A7C-853635FBD5FC}"
EndProject
Project("{FAE04EC0-301F-11D3-BF4B-00C04F79EFBC}") = "write", "write\write.csproj", "{C3DAA813-A3A9-409F-969F-9098D82E3A4E}"
EndProject
Global
	GlobalSection(SolutionConfigurationPlatforms) = preSolution
		Debug|Any CPU = Debug|Any CPU
		Release|Any CPU = Release|Any CPU
	EndGlobalSection
	GlobalSection(ProjectConfigurationPlatforms) = postSolution
		{2958FBFB-8EDD-4BBA-AC94-736A972A5E37}.Debug|Any CPU.ActiveCfg = Debug|Any CPU
		{2958FBFB-8EDD-4BBA-AC94-736A972A5E37}.Debug|Any CPU.Build.0 = Debug|Any CPU
		{2958FBFB-8EDD-4BBA-AC94-736A972A5E37}.Release|Any CPU.ActiveCfg = Release|Any CPU
		{2958FBFB-8EDD-4BBA-AC94-736A972A5E37}.Release|Any CPU.Build.0 = Release|Any CPU
		{829BE8BD-9F6F-43B8-BB9B-4EC8075EC664}.Debug|Any CPU.ActiveCfg = Debug|Any CPU
		{829BE8BD-9F6F-43B8-BB9B-4EC8075EC664}.Debug|Any CPU.Build.0 = Debug|Any CPU
		{829BE8BD-9F6F-43B8-BB9B-4EC8075EC664}.Release|Any CPU.ActiveCfg = Release|Any CPU
		{829BE8BD-9F6F-43B8-BB9B-4EC8075EC664}.Release|Any CPU.Build.0 = Release|Any CPU
		{0C58D456-C406-4DF3-86DD-4E97FC586D81}.Debug|Any CPU.ActiveCfg = Debug|Any CPU
		{0C58D456-C406-4DF3-86DD-4E97FC586D81}.Debug|Any CPU.Build.0 = Debug|Any CPU
		{0C58D456-C406-4DF3-86DD-4E97FC586D81}.Release|Any CPU.ActiveCfg = Release|Any CPU
		{0C58D456-C406-4DF3-86DD-4E97FC586D81}.Release|Any CPU.Build.0 = Release|Any CPU
		{00E0897F-4EC8-4C9A-9A7C-853635FBD5FC}.Debug|Any CPU.ActiveCfg = Debug|Any CPU
		{00E0897F-4EC8-4C9A-9A7C-853635FBD5FC}.Debug|Any CPU.Build.0 = Debug|Any CPU
		{00E0897F-4EC8-4C9A-9A7C-853635FBD5FC}.Release|Any CPU.ActiveCfg = Release|Any CPU
		{00E0897F-4EC8-4C9A-9A7C-853635FBD5FC}.Release|Any CPU.Build.0 = Release|Any CPU
		{C3DAA813-A3A9-409F-969F-9098D82E3A4E}.Debug|Any CPU.ActiveCfg = Debug|Any CPU
		{C3DAA813-A3A9-409F-969F-9098D82E3A4E}.Debug|Any CPU.Build.0 = Debug|Any CPU
		{C3DAA813-A3A9-409F-969F-9098D82E3A4E}.Release|Any CPU.ActiveCfg = Release|Any CPU
		{C3DAA813-A3A9-409F-969F-9098D82E3A4E}.Release|Any CPU.Build.0 = Release|Any CPU
	EndGlobalSection
	GlobalSection(SolutionProperties) = preSolution
		HideSolutionNode = FALSE
	EndGlobalSection
	GlobalSection(ExtensibilityGlobals) = postSolution
		SolutionGuid = {C2011A1A-5785-437F-9810-2F11C485E33F}
	EndGlobalSection
EndGlobal
